// !$*UTF8*$!
{
	archiveVersion = 1;
	classes = {
	};
	objectVersion = 46;
	objects = {

/* Begin PBXBuildFile section */
		1617645D21D91E02002C0EE6 /* Theme.swift in Sources */ = {isa = PBXBuildFile; fileRef = 1617645C21D91E02002C0EE6 /* Theme.swift */; };
		167A2B2E21DBBEAF00E1AE0C /* Card.swift in Sources */ = {isa = PBXBuildFile; fileRef = 167A2B2D21DBBEAF00E1AE0C /* Card.swift */; };
		1681B9D021E23EFB00BF89AE /* GestureRecognizers.swift in Sources */ = {isa = PBXBuildFile; fileRef = 1681B9CF21E23EFB00BF89AE /* GestureRecognizers.swift */; };
		16E173D921DA587B002EDA89 /* CatalogViewController.swift in Sources */ = {isa = PBXBuildFile; fileRef = 16E173D821DA587B002EDA89 /* CatalogViewController.swift */; };
		16E173DB21DA5B5F002EDA89 /* Label.swift in Sources */ = {isa = PBXBuildFile; fileRef = 16E173DA21DA5B5F002EDA89 /* Label.swift */; };
		BF_0FB02FE51CEBC95CCD3890BDE337CFED /* Elevation.swift in Sources */ = {isa = PBXBuildFile; fileRef = FR_C53AD69184E4C133D5741EE9751DD239 /* Elevation.swift */; };
		BF_1136DDF53465203EAEEFAAA02B8D6BAF /* Palette.swift in Sources */ = {isa = PBXBuildFile; fileRef = FR_B2EAC1685081BF96FDC8767AAC8D6620 /* Palette.swift */; };
		BF_1D582FEFCCA0E1C33D1256ADBE7165F3 /* Rubik-Regular.ttf in Resources */ = {isa = PBXBuildFile; fileRef = FR_FC4C4172C7BDB010D7A5DF0B5349190B /* Rubik-Regular.ttf */; };
		BF_1DB0EBF52A2ABE18D23FA6E3C33888DE /* Rubik-Medium.ttf in Resources */ = {isa = PBXBuildFile; fileRef = FR_C664478E0FC98728F02DEEE73AC19279 /* Rubik-Medium.ttf */; };
		BF_299AAA6F3480C45AEBF2A11EE5A256B3 /* Nuke.framework in Embed Frameworks */ = {isa = PBXBuildFile; fileRef = FR_84E049947FEF6D09AF5F2EC638D682D8 /* Nuke.framework */; settings = {ATTRIBUTES = (CodeSignOnCopy, RemoveHeadersOnCopy, ); }; };
		BF_3879B1DEDC59AF2D1EB66439DD6854A6 /* YourAppSrc.swift in Sources */ = {isa = PBXBuildFile; fileRef = FR_EA1133D1B8816A223B3AAC66D5E4B4ED /* YourAppSrc.swift */; };
		BF_38913AB0CA1D890CBDFA586AFE8DD5E2 /* CoreRender.framework in Embed Frameworks */ = {isa = PBXBuildFile; fileRef = FR_BD23316BBAEB30C008C424984C33CF91 /* CoreRender.framework */; settings = {ATTRIBUTES = (CodeSignOnCopy, RemoveHeadersOnCopy, ); }; };
		BF_458879C39E21A81DED61466743AEF4EE /* generate_project.sh in Resources */ = {isa = PBXBuildFile; fileRef = FR_0ACD90CFF4242EFC314E77224C6D627B /* generate_project.sh */; };
		BF_4FCAFE58F4F28248562094B7ECC6E8F6 /* Icons.generated.swift in Sources */ = {isa = PBXBuildFile; fileRef = FR_1E4CC9F8C9244C70E6823E8E7A707A06 /* Icons.generated.swift */; };
		BF_5083E7C5CCB5612CBFEA75E90CCC1403 /* Emit.framework in Embed Frameworks */ = {isa = PBXBuildFile; fileRef = FR_0F4404C856B3987FB71DB512102D634A /* Emit.framework */; settings = {ATTRIBUTES = (CodeSignOnCopy, RemoveHeadersOnCopy, ); }; };
		BF_55171501E3224F383A13426E453FA1D0 /* CoreRender.framework in Frameworks */ = {isa = PBXBuildFile; fileRef = FR_BD23316BBAEB30C008C424984C33CF91 /* CoreRender.framework */; };
		BF_6FBDF7E8D3A95B83A11F1B6E5A5AF3ED /* LaunchScreen.storyboard in Resources */ = {isa = PBXBuildFile; fileRef = VG_8016FF6360F2A0CD0E8F7FF6257C3D84 /* LaunchScreen.storyboard */; };
		BF_712CC60C1989288C8EDEC2C8949141C3 /* TextField.swift in Sources */ = {isa = PBXBuildFile; fileRef = FR_9A53553074E0BF80AFD3BC509114B2BF /* TextField.swift */; };
		BF_786CFDD09FD7DF663EC11D2EA59DD321 /* PromiseKit.framework in Embed Frameworks */ = {isa = PBXBuildFile; fileRef = FR_AF993D05738C0BB4D09FC5C56164157F /* PromiseKit.framework */; settings = {ATTRIBUTES = (CodeSignOnCopy, RemoveHeadersOnCopy, ); }; };
		BF_807269D9B69A40EA9124FDF5F892B52B /* Icons.swift in Sources */ = {isa = PBXBuildFile; fileRef = FR_1FB79B2544155C01C0211528BD69B4EB /* Icons.swift */; };
		BF_8465E809B12306855660B3A1944F20A4 /* AppDelegate.swift in Sources */ = {isa = PBXBuildFile; fileRef = FR_8687B49E08AD27C366AB6754EC6AF8A6 /* AppDelegate.swift */; };
		BF_86976CE3FE744BCEAEB3A2D6D4E339BF /* Assets.xcassets in Resources */ = {isa = PBXBuildFile; fileRef = FR_427289E7F7B98C18280A891D3C7DC144 /* Assets.xcassets */; };
		BF_93DDDE280C4A1705212EA1CCA49F4758 /* Rubik-Light.ttf in Resources */ = {isa = PBXBuildFile; fileRef = FR_5C0B1E36E0A936618D7DC635DF558B6F /* Rubik-Light.ttf */; };
		BF_9C2A16F08BD58FC5474A2553200FDC36 /* Button.swift in Sources */ = {isa = PBXBuildFile; fileRef = FR_C0C82EE2A14F91ABE04E7249D2C4EF65 /* Button.swift */; };
		BF_A3CFFAAAE284C3B96289342B5D70DF53 /* Emit.framework in Frameworks */ = {isa = PBXBuildFile; fileRef = FR_0F4404C856B3987FB71DB512102D634A /* Emit.framework */; };
		BF_A8C782ADAF70E2D55F74C1126681195F /* Motion.framework in Frameworks */ = {isa = PBXBuildFile; fileRef = FR_99D47F81A0703A8B1C38BD14A9814221 /* Motion.framework */; };
		BF_AA850D9C9D13FBDCA9E39A8B3F0CC0F8 /* Test.swift in Sources */ = {isa = PBXBuildFile; fileRef = FR_F7D89FB8F5B155DCF14CEE328186689C /* Test.swift */; };
		BF_E426397D1DED0698252402C18B7FCA7D /* Nuke.framework in Frameworks */ = {isa = PBXBuildFile; fileRef = FR_84E049947FEF6D09AF5F2EC638D682D8 /* Nuke.framework */; };
		BF_F8C8A8A7F794E10EE95FEE75CED2BB51 /* PromiseKit.framework in Frameworks */ = {isa = PBXBuildFile; fileRef = FR_AF993D05738C0BB4D09FC5C56164157F /* PromiseKit.framework */; };
		BF_FD1332B84407DBA6B4CA13676E18209C /* Typography.swift in Sources */ = {isa = PBXBuildFile; fileRef = FR_18CE8F644703A1382A1BEB3BDAF84CF3 /* Typography.swift */; };
		BF_FF5ADB82BFFA7B2864D0640A6D07CDBC /* Motion.framework in Embed Frameworks */ = {isa = PBXBuildFile; fileRef = FR_99D47F81A0703A8B1C38BD14A9814221 /* Motion.framework */; settings = {ATTRIBUTES = (CodeSignOnCopy, RemoveHeadersOnCopy, ); }; };
/* End PBXBuildFile section */

/* Begin PBXContainerItemProxy section */
		CIP_4F29B5E8C6729208C2ED624C6399175E /* PBXContainerItemProxy */ = {
			isa = PBXContainerItemProxy;
			containerPortal = P_777A67F58E68A1AE76C97B565D4CFDF5 /* Project object */;
			proxyType = 1;
			remoteGlobalIDString = NT_6B8E503D34B057C4A1164E6EFE3CF59F;
			remoteInfo = App;
		};
/* End PBXContainerItemProxy section */

/* Begin PBXCopyFilesBuildPhase section */
		CFBP_4DBF929589B7981B78F74124D0F3A959 /* Embed Frameworks */ = {
			isa = PBXCopyFilesBuildPhase;
			buildActionMask = 2147483647;
			dstPath = "";
			dstSubfolderSpec = 10;
			files = (
				BF_FF5ADB82BFFA7B2864D0640A6D07CDBC /* Motion.framework in Embed Frameworks */,
				BF_299AAA6F3480C45AEBF2A11EE5A256B3 /* Nuke.framework in Embed Frameworks */,
				BF_786CFDD09FD7DF663EC11D2EA59DD321 /* PromiseKit.framework in Embed Frameworks */,
			);
			name = "Embed Frameworks";
			runOnlyForDeploymentPostprocessing = 0;
		};
		CFBP_8A7B5A1273D863C8D9CFEFFA21C1F1EA /* Embed Frameworks */ = {
			isa = PBXCopyFilesBuildPhase;
			buildActionMask = 2147483647;
			dstPath = "";
			dstSubfolderSpec = 10;
			files = (
				BF_38913AB0CA1D890CBDFA586AFE8DD5E2 /* CoreRender.framework in Embed Frameworks */,
				BF_5083E7C5CCB5612CBFEA75E90CCC1403 /* Emit.framework in Embed Frameworks */,
			);
			name = "Embed Frameworks";
			runOnlyForDeploymentPostprocessing = 0;
		};
/* End PBXCopyFilesBuildPhase section */

/* Begin PBXFileReference section */
		1617645C21D91E02002C0EE6 /* Theme.swift */ = {isa = PBXFileReference; lastKnownFileType = sourcecode.swift; path = Theme.swift; sourceTree = "<group>"; };
		167A2B2D21DBBEAF00E1AE0C /* Card.swift */ = {isa = PBXFileReference; lastKnownFileType = sourcecode.swift; path = Card.swift; sourceTree = "<group>"; };
		1681B9CF21E23EFB00BF89AE /* GestureRecognizers.swift */ = {isa = PBXFileReference; lastKnownFileType = sourcecode.swift; path = GestureRecognizers.swift; sourceTree = "<group>"; };
		16E173D821DA587B002EDA89 /* CatalogViewController.swift */ = {isa = PBXFileReference; lastKnownFileType = sourcecode.swift; path = CatalogViewController.swift; sourceTree = "<group>"; };
		16E173DA21DA5B5F002EDA89 /* Label.swift */ = {isa = PBXFileReference; lastKnownFileType = sourcecode.swift; path = Label.swift; sourceTree = "<group>"; };
		FR_0ACD90CFF4242EFC314E77224C6D627B /* generate_project.sh */ = {isa = PBXFileReference; lastKnownFileType = text.script.sh; path = generate_project.sh; sourceTree = "<group>"; };
		FR_0F4404C856B3987FB71DB512102D634A /* Emit.framework */ = {isa = PBXFileReference; lastKnownFileType = wrapper.framework; name = Emit.framework; path = frameworks/Emit.framework; sourceTree = "<group>"; };
		FR_1533B8388DFEDBAEE5C5D012D1B16A36 /* App.app */ = {isa = PBXFileReference; includeInIndex = 0; lastKnownFileType = wrapper.application; path = App.app; sourceTree = BUILT_PRODUCTS_DIR; };
		FR_18CE8F644703A1382A1BEB3BDAF84CF3 /* Typography.swift */ = {isa = PBXFileReference; lastKnownFileType = sourcecode.swift; path = Typography.swift; sourceTree = "<group>"; };
		FR_1E4CC9F8C9244C70E6823E8E7A707A06 /* Icons.generated.swift */ = {isa = PBXFileReference; lastKnownFileType = sourcecode.swift; path = Icons.generated.swift; sourceTree = "<group>"; };
		FR_1FB79B2544155C01C0211528BD69B4EB /* Icons.swift */ = {isa = PBXFileReference; lastKnownFileType = sourcecode.swift; path = Icons.swift; sourceTree = "<group>"; };
		FR_427289E7F7B98C18280A891D3C7DC144 /* Assets.xcassets */ = {isa = PBXFileReference; lastKnownFileType = folder.assetcatalog; path = Assets.xcassets; sourceTree = "<group>"; };
		FR_5C0B1E36E0A936618D7DC635DF558B6F /* Rubik-Light.ttf */ = {isa = PBXFileReference; lastKnownFileType = file; path = "Rubik-Light.ttf"; sourceTree = "<group>"; };
		FR_65EF361F9AE51E5924DD109B6AA9CFBE /* Test.xctest */ = {isa = PBXFileReference; includeInIndex = 0; lastKnownFileType = wrapper.cfbundle; path = Test.xctest; sourceTree = BUILT_PRODUCTS_DIR; };
		FR_84E049947FEF6D09AF5F2EC638D682D8 /* Nuke.framework */ = {isa = PBXFileReference; lastKnownFileType = wrapper.framework; path = Nuke.framework; sourceTree = "<group>"; };
		FR_8687B49E08AD27C366AB6754EC6AF8A6 /* AppDelegate.swift */ = {isa = PBXFileReference; lastKnownFileType = sourcecode.swift; path = AppDelegate.swift; sourceTree = "<group>"; };
		FR_99D47F81A0703A8B1C38BD14A9814221 /* Motion.framework */ = {isa = PBXFileReference; lastKnownFileType = wrapper.framework; path = Motion.framework; sourceTree = "<group>"; };
		FR_9A53553074E0BF80AFD3BC509114B2BF /* TextField.swift */ = {isa = PBXFileReference; lastKnownFileType = sourcecode.swift; path = TextField.swift; sourceTree = "<group>"; };
		FR_A62F5101E2A33E90084758EB7E93629F /* Base */ = {isa = PBXFileReference; lastKnownFileType = file.storyboard; name = Base; path = Base.lproj/LaunchScreen.storyboard; sourceTree = "<group>"; };
		FR_AF993D05738C0BB4D09FC5C56164157F /* PromiseKit.framework */ = {isa = PBXFileReference; lastKnownFileType = wrapper.framework; path = PromiseKit.framework; sourceTree = "<group>"; };
		FR_B2EAC1685081BF96FDC8767AAC8D6620 /* Palette.swift */ = {isa = PBXFileReference; lastKnownFileType = sourcecode.swift; path = Palette.swift; sourceTree = "<group>"; };
		FR_BD23316BBAEB30C008C424984C33CF91 /* CoreRender.framework */ = {isa = PBXFileReference; lastKnownFileType = wrapper.framework; name = CoreRender.framework; path = frameworks/CoreRender.framework; sourceTree = "<group>"; };
		FR_C0C82EE2A14F91ABE04E7249D2C4EF65 /* Button.swift */ = {isa = PBXFileReference; lastKnownFileType = sourcecode.swift; path = Button.swift; sourceTree = "<group>"; };
		FR_C53AD69184E4C133D5741EE9751DD239 /* Elevation.swift */ = {isa = PBXFileReference; lastKnownFileType = sourcecode.swift; path = Elevation.swift; sourceTree = "<group>"; };
		FR_C664478E0FC98728F02DEEE73AC19279 /* Rubik-Medium.ttf */ = {isa = PBXFileReference; lastKnownFileType = file; path = "Rubik-Medium.ttf"; sourceTree = "<group>"; };
		FR_EA1133D1B8816A223B3AAC66D5E4B4ED /* YourAppSrc.swift */ = {isa = PBXFileReference; lastKnownFileType = sourcecode.swift; path = YourAppSrc.swift; sourceTree = "<group>"; };
		FR_F7D89FB8F5B155DCF14CEE328186689C /* Test.swift */ = {isa = PBXFileReference; lastKnownFileType = sourcecode.swift; path = Test.swift; sourceTree = "<group>"; };
		FR_FC4C4172C7BDB010D7A5DF0B5349190B /* Rubik-Regular.ttf */ = {isa = PBXFileReference; lastKnownFileType = file; path = "Rubik-Regular.ttf"; sourceTree = "<group>"; };
		FR_FCD930C2347B6334E434B34877B80012 /* Info.plist */ = {isa = PBXFileReference; lastKnownFileType = text.plist.xml; path = Info.plist; sourceTree = "<group>"; };
/* End PBXFileReference section */

/* Begin PBXFrameworksBuildPhase section */
		FBP_1E7A10064D25C4AEB3AC722B2AD550AF /* Frameworks */ = {
			isa = PBXFrameworksBuildPhase;
			buildActionMask = 2147483647;
			files = (
				BF_55171501E3224F383A13426E453FA1D0 /* CoreRender.framework in Frameworks */,
				BF_A3CFFAAAE284C3B96289342B5D70DF53 /* Emit.framework in Frameworks */,
				BF_E426397D1DED0698252402C18B7FCA7D /* Nuke.framework in Frameworks */,
				BF_F8C8A8A7F794E10EE95FEE75CED2BB51 /* PromiseKit.framework in Frameworks */,
				BF_A8C782ADAF70E2D55F74C1126681195F /* Motion.framework in Frameworks */,
			);
			runOnlyForDeploymentPostprocessing = 0;
		};
/* End PBXFrameworksBuildPhase section */

/* Begin PBXGroup section */
		16E173D721DA5857002EDA89 /* catalog */ = {
			isa = PBXGroup;
			children = (
				16E173D821DA587B002EDA89 /* CatalogViewController.swift */,
			);
			path = catalog;
			sourceTree = "<group>";
		};
		G_0638C527852D32DFB102CD6410BE7420 /* resources */ = {
			isa = PBXGroup;
			children = (
				FR_5C0B1E36E0A936618D7DC635DF558B6F /* Rubik-Light.ttf */,
				FR_C664478E0FC98728F02DEEE73AC19279 /* Rubik-Medium.ttf */,
				FR_FC4C4172C7BDB010D7A5DF0B5349190B /* Rubik-Regular.ttf */,
			);
			path = resources;
			sourceTree = "<group>";
		};
		G_14DB883880FD53FE3D9030F8565D4F9E /* app */ = {
			isa = PBXGroup;
			children = (
				FR_EA1133D1B8816A223B3AAC66D5E4B4ED /* YourAppSrc.swift */,
			);
			path = app;
			sourceTree = "<group>";
		};
		G_1B4E347937DD28660733C902EBEDDE73 = {
			isa = PBXGroup;
			children = (
				FR_0ACD90CFF4242EFC314E77224C6D627B /* generate_project.sh */,
				G_2DCF77A2EE9647E9663075EA711A5FD6 /* src */,
				G_DF6748D22518F5DF4ED6AED81ED37B3A /* test */,
				G_771611934EBF873D3799B4746DAC99B2 /* Frameworks */,
				G_BC85567261A9A287B7BABADA9393646B /* Products */,
			);
			sourceTree = "<group>";
		};
		G_2DCF77A2EE9647E9663075EA711A5FD6 /* src */ = {
			isa = PBXGroup;
			children = (
				FR_8687B49E08AD27C366AB6754EC6AF8A6 /* AppDelegate.swift */,
				FR_427289E7F7B98C18280A891D3C7DC144 /* Assets.xcassets */,
				FR_FCD930C2347B6334E434B34877B80012 /* Info.plist */,
				VG_8016FF6360F2A0CD0E8F7FF6257C3D84 /* LaunchScreen.storyboard */,
				G_14DB883880FD53FE3D9030F8565D4F9E /* app */,
				G_7F760026760C8821F1CBDAA85ABF1AAF /* design */,
				G_0638C527852D32DFB102CD6410BE7420 /* resources */,
			);
			path = src;
			sourceTree = "<group>";
		};
		G_4C6CFC468A3728DD447EC51CAF85BF83 /* iOS */ = {
			isa = PBXGroup;
			children = (
				FR_99D47F81A0703A8B1C38BD14A9814221 /* Motion.framework */,
				FR_84E049947FEF6D09AF5F2EC638D682D8 /* Nuke.framework */,
				FR_AF993D05738C0BB4D09FC5C56164157F /* PromiseKit.framework */,
			);
			path = iOS;
			sourceTree = "<group>";
		};
		G_771611934EBF873D3799B4746DAC99B2 /* Frameworks */ = {
			isa = PBXGroup;
			children = (
				FR_BD23316BBAEB30C008C424984C33CF91 /* CoreRender.framework */,
				FR_0F4404C856B3987FB71DB512102D634A /* Emit.framework */,
				G_AF4D3C8191014DF9CEF849A01E1F8E3E /* Carthage */,
			);
			name = Frameworks;
			sourceTree = "<group>";
		};
		G_7E250F9ED6EFB2BC29095376F060E04A /* theme */ = {
			isa = PBXGroup;
			children = (
				FR_1E4CC9F8C9244C70E6823E8E7A707A06 /* Icons.generated.swift */,
				1617645C21D91E02002C0EE6 /* Theme.swift */,
				FR_1FB79B2544155C01C0211528BD69B4EB /* Icons.swift */,
				FR_B2EAC1685081BF96FDC8767AAC8D6620 /* Palette.swift */,
				FR_18CE8F644703A1382A1BEB3BDAF84CF3 /* Typography.swift */,
			);
			path = theme;
			sourceTree = "<group>";
		};
		G_7F760026760C8821F1CBDAA85ABF1AAF /* design */ = {
			isa = PBXGroup;
			children = (
				16E173D721DA5857002EDA89 /* catalog */,
				G_97C06C1515867840A84E6BEA3D587048 /* components */,
				G_7E250F9ED6EFB2BC29095376F060E04A /* theme */,
			);
			path = design;
			sourceTree = "<group>";
		};
		G_97C06C1515867840A84E6BEA3D587048 /* components */ = {
			isa = PBXGroup;
			children = (
				FR_C0C82EE2A14F91ABE04E7249D2C4EF65 /* Button.swift */,
				FR_C53AD69184E4C133D5741EE9751DD239 /* Elevation.swift */,
				FR_9A53553074E0BF80AFD3BC509114B2BF /* TextField.swift */,
				16E173DA21DA5B5F002EDA89 /* Label.swift */,
				167A2B2D21DBBEAF00E1AE0C /* Card.swift */,
				1681B9CF21E23EFB00BF89AE /* GestureRecognizers.swift */,
			);
			path = components;
			sourceTree = "<group>";
		};
		G_AF4D3C8191014DF9CEF849A01E1F8E3E /* Carthage */ = {
			isa = PBXGroup;
			children = (
				G_4C6CFC468A3728DD447EC51CAF85BF83 /* iOS */,
			);
			name = Carthage;
			path = Carthage/Build;
			sourceTree = "<group>";
		};
		G_BC85567261A9A287B7BABADA9393646B /* Products */ = {
			isa = PBXGroup;
			children = (
				FR_1533B8388DFEDBAEE5C5D012D1B16A36 /* App.app */,
				FR_65EF361F9AE51E5924DD109B6AA9CFBE /* Test.xctest */,
			);
			name = Products;
			sourceTree = "<group>";
		};
		G_DF6748D22518F5DF4ED6AED81ED37B3A /* test */ = {
			isa = PBXGroup;
			children = (
				FR_F7D89FB8F5B155DCF14CEE328186689C /* Test.swift */,
			);
			path = test;
			sourceTree = "<group>";
		};
/* End PBXGroup section */

/* Begin PBXNativeTarget section */
		NT_2F94C957BD5C9FF48638D39C890B0638 /* Test */ = {
			isa = PBXNativeTarget;
			buildConfigurationList = CL_2D10AA0E799F1DBC9DDF6F723153787A /* Build configuration list for PBXNativeTarget "Test" */;
			buildPhases = (
				SBP_B59BBBD71D35890D1F60A265FC4BFCDB /* Sources */,
				CFBP_4DBF929589B7981B78F74124D0F3A959 /* Embed Frameworks */,
			);
			buildRules = (
			);
			dependencies = (
				TD_0F5EEBDEF6F8E3AAEB0312E64F4FB821 /* PBXTargetDependency */,
			);
			name = Test;
			productName = Test;
			productReference = FR_65EF361F9AE51E5924DD109B6AA9CFBE /* Test.xctest */;
			productType = "com.apple.product-type.bundle.unit-test";
		};
		NT_6B8E503D34B057C4A1164E6EFE3CF59F /* App */ = {
			isa = PBXNativeTarget;
			buildConfigurationList = CL_76C523B6F67C416FDA485846B52EE932 /* Build configuration list for PBXNativeTarget "App" */;
			buildPhases = (
				SBP_00AF3BD93BC9C7F9202772D055468769 /* Sources */,
				RBP_E3F13BCD901F9AC65E14CA3155A037CC /* Resources */,
				SSBP_1D6D70791C86A79DB1ACF6A5ED32600A /* Carthage */,
				FBP_1E7A10064D25C4AEB3AC722B2AD550AF /* Frameworks */,
				CFBP_8A7B5A1273D863C8D9CFEFFA21C1F1EA /* Embed Frameworks */,
			);
			buildRules = (
			);
			dependencies = (
			);
			name = App;
			productName = App;
			productReference = FR_1533B8388DFEDBAEE5C5D012D1B16A36 /* App.app */;
			productType = "com.apple.product-type.application";
		};
/* End PBXNativeTarget section */

/* Begin PBXProject section */
		P_777A67F58E68A1AE76C97B565D4CFDF5 /* Project object */ = {
			isa = PBXProject;
			attributes = {
				LastUpgradeCheck = 1000;
				TargetAttributes = {
					NT_2F94C957BD5C9FF48638D39C890B0638 = {
						TestTargetID = NT_6B8E503D34B057C4A1164E6EFE3CF59F;
					};
				};
			};
			buildConfigurationList = CL_5D8AEACF498D521DC1F641EB7D448A00 /* Build configuration list for PBXProject "App" */;
			compatibilityVersion = "Xcode 3.2";
			developmentRegion = en;
			hasScannedForEncodings = 0;
			knownRegions = (
				Base,
			);
			mainGroup = G_1B4E347937DD28660733C902EBEDDE73;
			projectDirPath = "";
			projectRoot = "";
			targets = (
				NT_6B8E503D34B057C4A1164E6EFE3CF59F /* App */,
				NT_2F94C957BD5C9FF48638D39C890B0638 /* Test */,
			);
		};
/* End PBXProject section */

/* Begin PBXResourcesBuildPhase section */
		RBP_E3F13BCD901F9AC65E14CA3155A037CC /* Resources */ = {
			isa = PBXResourcesBuildPhase;
			buildActionMask = 2147483647;
			files = (
				BF_86976CE3FE744BCEAEB3A2D6D4E339BF /* Assets.xcassets in Resources */,
				BF_6FBDF7E8D3A95B83A11F1B6E5A5AF3ED /* LaunchScreen.storyboard in Resources */,
				BF_93DDDE280C4A1705212EA1CCA49F4758 /* Rubik-Light.ttf in Resources */,
				BF_1DB0EBF52A2ABE18D23FA6E3C33888DE /* Rubik-Medium.ttf in Resources */,
				BF_1D582FEFCCA0E1C33D1256ADBE7165F3 /* Rubik-Regular.ttf in Resources */,
				BF_458879C39E21A81DED61466743AEF4EE /* generate_project.sh in Resources */,
			);
			runOnlyForDeploymentPostprocessing = 0;
		};
/* End PBXResourcesBuildPhase section */

/* Begin PBXShellScriptBuildPhase section */
		SSBP_1D6D70791C86A79DB1ACF6A5ED32600A /* Carthage */ = {
			isa = PBXShellScriptBuildPhase;
			buildActionMask = 2147483647;
			files = (
			);
			inputPaths = (
				"$(SRCROOT)/Carthage/Build/iOS/Motion.framework",
				"$(SRCROOT)/Carthage/Build/iOS/Nuke.framework",
				"$(SRCROOT)/Carthage/Build/iOS/PromiseKit.framework",
			);
			name = Carthage;
			outputPaths = (
				"$(BUILT_PRODUCTS_DIR)/$(FRAMEWORKS_FOLDER_PATH)/Motion.framework",
				"$(BUILT_PRODUCTS_DIR)/$(FRAMEWORKS_FOLDER_PATH)/Nuke.framework",
				"$(BUILT_PRODUCTS_DIR)/$(FRAMEWORKS_FOLDER_PATH)/PromiseKit.framework",
			);
			runOnlyForDeploymentPostprocessing = 0;
			shellPath = /bin/sh;
			shellScript = "carthage copy-frameworks\n";
		};
/* End PBXShellScriptBuildPhase section */

/* Begin PBXSourcesBuildPhase section */
		SBP_00AF3BD93BC9C7F9202772D055468769 /* Sources */ = {
			isa = PBXSourcesBuildPhase;
			buildActionMask = 2147483647;
			files = (
				16E173D921DA587B002EDA89 /* CatalogViewController.swift in Sources */,
				BF_8465E809B12306855660B3A1944F20A4 /* AppDelegate.swift in Sources */,
				BF_9C2A16F08BD58FC5474A2553200FDC36 /* Button.swift in Sources */,
				1681B9D021E23EFB00BF89AE /* GestureRecognizers.swift in Sources */,
				BF_0FB02FE51CEBC95CCD3890BDE337CFED /* Elevation.swift in Sources */,
				167A2B2E21DBBEAF00E1AE0C /* Card.swift in Sources */,
				BF_4FCAFE58F4F28248562094B7ECC6E8F6 /* Icons.generated.swift in Sources */,
				16E173DB21DA5B5F002EDA89 /* Label.swift in Sources */,
				1617645D21D91E02002C0EE6 /* Theme.swift in Sources */,
				BF_807269D9B69A40EA9124FDF5F892B52B /* Icons.swift in Sources */,
				BF_1136DDF53465203EAEEFAAA02B8D6BAF /* Palette.swift in Sources */,
				BF_712CC60C1989288C8EDEC2C8949141C3 /* TextField.swift in Sources */,
				BF_FD1332B84407DBA6B4CA13676E18209C /* Typography.swift in Sources */,
				BF_3879B1DEDC59AF2D1EB66439DD6854A6 /* YourAppSrc.swift in Sources */,
			);
			runOnlyForDeploymentPostprocessing = 0;
		};
		SBP_B59BBBD71D35890D1F60A265FC4BFCDB /* Sources */ = {
			isa = PBXSourcesBuildPhase;
			buildActionMask = 2147483647;
			files = (
				BF_AA850D9C9D13FBDCA9E39A8B3F0CC0F8 /* Test.swift in Sources */,
			);
			runOnlyForDeploymentPostprocessing = 0;
		};
/* End PBXSourcesBuildPhase section */

/* Begin PBXTargetDependency section */
		TD_0F5EEBDEF6F8E3AAEB0312E64F4FB821 /* PBXTargetDependency */ = {
			isa = PBXTargetDependency;
			target = NT_6B8E503D34B057C4A1164E6EFE3CF59F /* App */;
			targetProxy = CIP_4F29B5E8C6729208C2ED624C6399175E /* PBXContainerItemProxy */;
		};
/* End PBXTargetDependency section */

/* Begin PBXVariantGroup section */
		VG_8016FF6360F2A0CD0E8F7FF6257C3D84 /* LaunchScreen.storyboard */ = {
			isa = PBXVariantGroup;
			children = (
				FR_A62F5101E2A33E90084758EB7E93629F /* Base */,
			);
			name = LaunchScreen.storyboard;
			sourceTree = "<group>";
		};
/* End PBXVariantGroup section */

/* Begin XCBuildConfiguration section */
		BC_0465E2B905FB4719B124F7409C006776 /* Release */ = {
			isa = XCBuildConfiguration;
			buildSettings = {
				ALWAYS_EMBED_SWIFT_STANDARD_LIBRARIES = YES;
				ASSETCATALOG_COMPILER_APPICON_NAME = AppIcon;
				CODE_SIGN_IDENTITY = "iPhone Developer";
				FRAMEWORK_SEARCH_PATHS = (
					"$(inherited)",
					"$(PROJECT_DIR)/Carthage/Build/iOS",
					"\"frameworks\"",
				);
				INFOPLIST_FILE = src/Info.plist;
				IPHONEOS_DEPLOYMENT_TARGET = 10.0;
				LD_RUNPATH_SEARCH_PATHS = "$(inherited) @executable_path/Frameworks";
				PRODUCT_BUNDLE_IDENTIFIER = io.alexdrone.app.App;
				SDKROOT = iphoneos;
				SWIFT_OPTIMIZATION_LEVEL = "-Owholemodule";
				SWIFT_VERSION = 4.2;
				TARGETED_DEVICE_FAMILY = "1,2";
			};
			name = Release;
		};
		BC_10391997EA1D38E08390CB6B2D34EE6F /* Debug */ = {
			isa = XCBuildConfiguration;
			buildSettings = {
				ALWAYS_EMBED_SWIFT_STANDARD_LIBRARIES = YES;
				ASSETCATALOG_COMPILER_APPICON_NAME = AppIcon;
				CODE_SIGN_IDENTITY = "iPhone Developer";
				FRAMEWORK_SEARCH_PATHS = (
					"$(inherited)",
					"$(PROJECT_DIR)/Carthage/Build/iOS",
					"\"frameworks\"",
				);
				INFOPLIST_FILE = src/Info.plist;
				IPHONEOS_DEPLOYMENT_TARGET = 10.0;
				LD_RUNPATH_SEARCH_PATHS = "$(inherited) @executable_path/Frameworks";
				PRODUCT_BUNDLE_IDENTIFIER = io.alexdrone.app.App;
				SDKROOT = iphoneos;
				SWIFT_OPTIMIZATION_LEVEL = "-Owholemodule";
				SWIFT_VERSION = 4.2;
				TARGETED_DEVICE_FAMILY = "1,2";
			};
			name = Debug;
		};
		BC_244C41AA8F281A28313F8B76D6732B65 /* Debug */ = {
			isa = XCBuildConfiguration;
			buildSettings = {
				ALWAYS_SEARCH_USER_PATHS = NO;
				CLANG_ANALYZER_NONNULL = YES;
				CLANG_ANALYZER_NUMBER_OBJECT_CONVERSION = YES_AGGRESSIVE;
				CLANG_CXX_LANGUAGE_STANDARD = "gnu++14";
				CLANG_CXX_LIBRARY = "libc++";
				CLANG_ENABLE_MODULES = YES;
				CLANG_ENABLE_OBJC_ARC = YES;
				CLANG_WARN_BLOCK_CAPTURE_AUTORELEASING = YES;
				CLANG_WARN_BOOL_CONVERSION = YES;
				CLANG_WARN_COMMA = YES;
				CLANG_WARN_CONSTANT_CONVERSION = YES;
				CLANG_WARN_DEPRECATED_OBJC_IMPLEMENTATIONS = YES;
				CLANG_WARN_DIRECT_OBJC_ISA_USAGE = YES_ERROR;
				CLANG_WARN_DOCUMENTATION_COMMENTS = YES;
				CLANG_WARN_EMPTY_BODY = YES;
				CLANG_WARN_ENUM_CONVERSION = YES;
				CLANG_WARN_INFINITE_RECURSION = YES;
				CLANG_WARN_INT_CONVERSION = YES;
				CLANG_WARN_NON_LITERAL_NULL_CONVERSION = YES;
				CLANG_WARN_OBJC_IMPLICIT_RETAIN_SELF = YES;
				CLANG_WARN_OBJC_LITERAL_CONVERSION = YES;
				CLANG_WARN_OBJC_ROOT_CLASS = YES_ERROR;
				CLANG_WARN_RANGE_LOOP_ANALYSIS = YES;
				CLANG_WARN_STRICT_PROTOTYPES = YES;
				CLANG_WARN_SUSPICIOUS_MOVE = YES;
				CLANG_WARN_UNGUARDED_AVAILABILITY = YES_AGGRESSIVE;
				CLANG_WARN_UNREACHABLE_CODE = YES;
				CLANG_WARN__DUPLICATE_METHOD_MATCH = YES;
				COPY_PHASE_STRIP = NO;
				DEBUG_INFORMATION_FORMAT = dwarf;
				ENABLE_STRICT_OBJC_MSGSEND = YES;
				ENABLE_TESTABILITY = YES;
				GCC_C_LANGUAGE_STANDARD = gnu11;
				GCC_DYNAMIC_NO_PIC = NO;
				GCC_NO_COMMON_BLOCKS = YES;
				GCC_OPTIMIZATION_LEVEL = 0;
				GCC_PREPROCESSOR_DEFINITIONS = (
					"$(inherited)",
					"DEBUG=1",
				);
				GCC_WARN_64_TO_32_BIT_CONVERSION = YES;
				GCC_WARN_ABOUT_RETURN_TYPE = YES_ERROR;
				GCC_WARN_UNDECLARED_SELECTOR = YES;
				GCC_WARN_UNINITIALIZED_AUTOS = YES_AGGRESSIVE;
				GCC_WARN_UNUSED_FUNCTION = YES;
				GCC_WARN_UNUSED_VARIABLE = YES;
				MTL_ENABLE_DEBUG_INFO = YES;
				ONLY_ACTIVE_ARCH = YES;
				PRODUCT_NAME = "$(TARGET_NAME)";
				SDKROOT = iphoneos;
				SWIFT_ACTIVE_COMPILATION_CONDITIONS = DEBUG;
				SWIFT_OPTIMIZATION_LEVEL = "-Onone";
				SWIFT_VERSION = 4.2;
			};
			name = Debug;
		};
		BC_2CC467EB207499DAF6742F4A85057B1E /* Release */ = {
			isa = XCBuildConfiguration;
			buildSettings = {
				ALWAYS_SEARCH_USER_PATHS = NO;
				CLANG_ANALYZER_NONNULL = YES;
				CLANG_ANALYZER_NUMBER_OBJECT_CONVERSION = YES_AGGRESSIVE;
				CLANG_CXX_LANGUAGE_STANDARD = "gnu++14";
				CLANG_CXX_LIBRARY = "libc++";
				CLANG_ENABLE_MODULES = YES;
				CLANG_ENABLE_OBJC_ARC = YES;
				CLANG_WARN_BLOCK_CAPTURE_AUTORELEASING = YES;
				CLANG_WARN_BOOL_CONVERSION = YES;
				CLANG_WARN_COMMA = YES;
				CLANG_WARN_CONSTANT_CONVERSION = YES;
				CLANG_WARN_DEPRECATED_OBJC_IMPLEMENTATIONS = YES;
				CLANG_WARN_DIRECT_OBJC_ISA_USAGE = YES_ERROR;
				CLANG_WARN_DOCUMENTATION_COMMENTS = YES;
				CLANG_WARN_EMPTY_BODY = YES;
				CLANG_WARN_ENUM_CONVERSION = YES;
				CLANG_WARN_INFINITE_RECURSION = YES;
				CLANG_WARN_INT_CONVERSION = YES;
				CLANG_WARN_NON_LITERAL_NULL_CONVERSION = YES;
				CLANG_WARN_OBJC_IMPLICIT_RETAIN_SELF = YES;
				CLANG_WARN_OBJC_LITERAL_CONVERSION = YES;
				CLANG_WARN_OBJC_ROOT_CLASS = YES_ERROR;
				CLANG_WARN_RANGE_LOOP_ANALYSIS = YES;
				CLANG_WARN_STRICT_PROTOTYPES = YES;
				CLANG_WARN_SUSPICIOUS_MOVE = YES;
				CLANG_WARN_UNGUARDED_AVAILABILITY = YES_AGGRESSIVE;
				CLANG_WARN_UNREACHABLE_CODE = YES;
				CLANG_WARN__DUPLICATE_METHOD_MATCH = YES;
				COPY_PHASE_STRIP = NO;
				DEBUG_INFORMATION_FORMAT = "dwarf-with-dsym";
				ENABLE_NS_ASSERTIONS = NO;
				ENABLE_STRICT_OBJC_MSGSEND = YES;
				GCC_C_LANGUAGE_STANDARD = gnu11;
				GCC_NO_COMMON_BLOCKS = YES;
				GCC_WARN_64_TO_32_BIT_CONVERSION = YES;
				GCC_WARN_ABOUT_RETURN_TYPE = YES_ERROR;
				GCC_WARN_UNDECLARED_SELECTOR = YES;
				GCC_WARN_UNINITIALIZED_AUTOS = YES_AGGRESSIVE;
				GCC_WARN_UNUSED_FUNCTION = YES;
				GCC_WARN_UNUSED_VARIABLE = YES;
				PRODUCT_NAME = "$(TARGET_NAME)";
				SDKROOT = iphoneos;
				SWIFT_OPTIMIZATION_LEVEL = "-Owholemodule";
				SWIFT_VERSION = 4.2;
				VALIDATE_PRODUCT = YES;
			};
			name = Release;
		};
		BC_3FA2DDF1C9951EFCE0E5350773CB9F15 /* Debug */ = {
			isa = XCBuildConfiguration;
			buildSettings = {
				BUNDLE_LOADER = "$(TEST_HOST)";
				FRAMEWORK_SEARCH_PATHS = (
					"$(inherited)",
					"$(PROJECT_DIR)/Carthage/Build/iOS",
				);
				LD_RUNPATH_SEARCH_PATHS = "$(inherited) @executable_path/Frameworks @loader_path/Frameworks";
				PRODUCT_BUNDLE_IDENTIFIER = io.alexdrone.app.Test;
				SDKROOT = iphoneos;
				TARGETED_DEVICE_FAMILY = "1,2";
				TEST_HOST = "$(BUILT_PRODUCTS_DIR)/App.app/App";
				TEST_TARGET_NAME = App;
			};
			name = Debug;
		};
		BC_96DDCB2C398B440A86D04401DE977751 /* Release */ = {
			isa = XCBuildConfiguration;
			buildSettings = {
				BUNDLE_LOADER = "$(TEST_HOST)";
				FRAMEWORK_SEARCH_PATHS = (
					"$(inherited)",
					"$(PROJECT_DIR)/Carthage/Build/iOS",
				);
				LD_RUNPATH_SEARCH_PATHS = "$(inherited) @executable_path/Frameworks @loader_path/Frameworks";
				PRODUCT_BUNDLE_IDENTIFIER = io.alexdrone.app.Test;
				SDKROOT = iphoneos;
				TARGETED_DEVICE_FAMILY = "1,2";
				TEST_HOST = "$(BUILT_PRODUCTS_DIR)/App.app/App";
				TEST_TARGET_NAME = App;
			};
			name = Release;
		};
/* End XCBuildConfiguration section */

/* Begin XCConfigurationList section */
		CL_2D10AA0E799F1DBC9DDF6F723153787A /* Build configuration list for PBXNativeTarget "Test" */ = {
			isa = XCConfigurationList;
			buildConfigurations = (
				BC_3FA2DDF1C9951EFCE0E5350773CB9F15 /* Debug */,
				BC_96DDCB2C398B440A86D04401DE977751 /* Release */,
			);
			defaultConfigurationIsVisible = 0;
			defaultConfigurationName = "";
		};
		CL_5D8AEACF498D521DC1F641EB7D448A00 /* Build configuration list for PBXProject "App" */ = {
			isa = XCConfigurationList;
			buildConfigurations = (
				BC_244C41AA8F281A28313F8B76D6732B65 /* Debug */,
				BC_2CC467EB207499DAF6742F4A85057B1E /* Release */,
			);
			defaultConfigurationIsVisible = 0;
			defaultConfigurationName = Debug;
		};
		CL_76C523B6F67C416FDA485846B52EE932 /* Build configuration list for PBXNativeTarget "App" */ = {
			isa = XCConfigurationList;
			buildConfigurations = (
				BC_10391997EA1D38E08390CB6B2D34EE6F /* Debug */,
				BC_0465E2B905FB4719B124F7409C006776 /* Release */,
			);
			defaultConfigurationIsVisible = 0;
			defaultConfigurationName = "";
		};
/* End XCConfigurationList section */
	};
	rootObject = P_777A67F58E68A1AE76C97B565D4CFDF5 /* Project object */;
}
