// !$*UTF8*$!
{
	archiveVersion = 1;
	classes = {
	};
	objectVersion = 50;
	objects = {

/* Begin PBXBuildFile section */
		0F3900FF5D8004C336368D72D25DB71E /* LaunchScreen.storyboard in Resources */ = {isa = PBXBuildFile; fileRef = 2D3535A42DC239782B74AAE00D54D8E9 /* LaunchScreen.storyboard */; };
		16F4730A2561488A00A7DC23 /* Bridge.swift in Sources */ = {isa = PBXBuildFile; fileRef = 16F473092561488A00A7DC23 /* Bridge.swift */; };
		16F473142561493400A7DC23 /* Symbols.swift in Sources */ = {isa = PBXBuildFile; fileRef = 16F473132561493400A7DC23 /* Symbols.swift */; };
		16F4732325614EF900A7DC23 /* StyledButton.swift in Sources */ = {isa = PBXBuildFile; fileRef = 16F4732225614EF900A7DC23 /* StyledButton.swift */; };
		16FDF9CE2561A9A8000DF919 /* SwiftUICatalog.swift in Sources */ = {isa = PBXBuildFile; fileRef = 16FDF9CD2561A9A8000DF919 /* SwiftUICatalog.swift */; };
		16FDF9D22561B31D000DF919 /* StyledLabel.swift in Sources */ = {isa = PBXBuildFile; fileRef = 16FDF9D12561B31D000DF919 /* StyledLabel.swift */; };
		16FDF9E425626B6B000DF919 /* StyledCard.swift in Sources */ = {isa = PBXBuildFile; fileRef = 16FDF9E325626B6B000DF919 /* StyledCard.swift */; };
		21F412A4E9BBB9E903660C83BE389E1D /* Palette.swift in Sources */ = {isa = PBXBuildFile; fileRef = AC250E72FCFA7E6B33DBF603C95ABA03 /* Palette.swift */; };
		235D33C559E50E068E7CFDF86D410FA3 /* Typography.swift in Sources */ = {isa = PBXBuildFile; fileRef = 26D962601F728D079B9BB4538C8DD705 /* Typography.swift */; };
		2952205B89B444F997975DA504BB0FF8 /* Button.swift in Sources */ = {isa = PBXBuildFile; fileRef = E8F1BCC9D34430D13E7F7F7B0D9DB7A3 /* Button.swift */; };
		49BC9EE86409006016580B46A31DBD93 /* Label.swift in Sources */ = {isa = PBXBuildFile; fileRef = 68C55814567850811274776496B33D60 /* Label.swift */; };
		5340AAEBD68398ED703E32727EB91A25 /* Gestures.swift in Sources */ = {isa = PBXBuildFile; fileRef = 11C96B1E56F81E8C6AF3DC8574AFB739 /* Gestures.swift */; };
		71D2F97CE5E4F049243AE99244912CAF /* AppDelegate.swift in Sources */ = {isa = PBXBuildFile; fileRef = 6B28643C3BFD6669A4F22E6BC60C9061 /* AppDelegate.swift */; };
		858558455F0F74576BB4C249078AEAC4 /* Theme.swift in Sources */ = {isa = PBXBuildFile; fileRef = 02FC3B09D3B7B5DD787349387FFAA656 /* Theme.swift */; };
		988E7C6955EEC51B80D692649477F92E /* Haptic.swift in Sources */ = {isa = PBXBuildFile; fileRef = 52EA5CE669EA9E8F37007A2CB9314300 /* Haptic.swift */; };
		99DFB3A28B990F9C2A2A917B41BE7A30 /* Card.swift in Sources */ = {isa = PBXBuildFile; fileRef = 146037452EFD63B925722C95FFF11B1E /* Card.swift */; };
		A062BB51DFD572374D055517EBFF5490 /* YourAppSrc.swift in Sources */ = {isa = PBXBuildFile; fileRef = 4C08F3D8138A12D5595B1DEF2872A095 /* YourAppSrc.swift */; };
		A55664272673F9EA2EA25683682A64D4 /* Icons.swift in Sources */ = {isa = PBXBuildFile; fileRef = 87078A679FBC8077865974653213FD91 /* Icons.swift */; };
		A7C1C79D22DC02A8821327527C65C402 /* Rubik-Light.ttf in Resources */ = {isa = PBXBuildFile; fileRef = 285EAE0FFE3B0287E59475250932EAAE /* Rubik-Light.ttf */; };
		A8D48A4A3E1562F59FAE084939F0BEB3 /* Rubik-Medium.ttf in Resources */ = {isa = PBXBuildFile; fileRef = 9E06B5FA8DB155C446CE4F16E2C570DF /* Rubik-Medium.ttf */; };
		B09CC69129EB2DBA8B226597B705DDEA /* TextField.swift in Sources */ = {isa = PBXBuildFile; fileRef = 45BBC9116EB8DC67E56448E3DF3EA1E2 /* TextField.swift */; };
		B8143A4F1B87A9CF467E61AB8C2C2482 /* Test.swift in Sources */ = {isa = PBXBuildFile; fileRef = F7C5C7A74CD15638C491B0AF4F36D97E /* Test.swift */; };
		B99EBC099274E9D2AD197AE882EBE788 /* CatalogViewController.swift in Sources */ = {isa = PBXBuildFile; fileRef = 0EF56074C9DD61BD7ADF523F9659AC97 /* CatalogViewController.swift */; };
		CE04142E9D86AC4CD6C780BCE94E5068 /* generate_project.sh in Resources */ = {isa = PBXBuildFile; fileRef = 9F7356F1A9CD1A814FFD92B68803E532 /* generate_project.sh */; };
		EC72A90CAA482ADFC02369B41E073849 /* Elevation.swift in Sources */ = {isa = PBXBuildFile; fileRef = 2E22D6932F15AFD373CBA7D58D100E49 /* Elevation.swift */; };
		EF8D12C99D006C47868538684739817B /* Rubik-Regular.ttf in Resources */ = {isa = PBXBuildFile; fileRef = 654FEFD3F48A4F51AC05011D17ABB1DA /* Rubik-Regular.ttf */; };
		F587D675287636102222061BBB687788 /* Assets.xcassets in Resources */ = {isa = PBXBuildFile; fileRef = C886DC43C416289F87F2CDEA7A91C893 /* Assets.xcassets */; };
/* End PBXBuildFile section */

/* Begin PBXContainerItemProxy section */
		0A908C8AD0E23A98A9C08EA7F2658D15 /* PBXContainerItemProxy */ = {
			isa = PBXContainerItemProxy;
			containerPortal = 6B590BF25178DC7D824D09CEFAFDFB30 /* Project object */;
			proxyType = 1;
			remoteGlobalIDString = 93E9E330FC2CE7458D9C925FF94BFD77;
			remoteInfo = App;
		};
/* End PBXContainerItemProxy section */

/* Begin PBXFileReference section */
		02FC3B09D3B7B5DD787349387FFAA656 /* Theme.swift */ = {isa = PBXFileReference; lastKnownFileType = sourcecode.swift; path = Theme.swift; sourceTree = "<group>"; };
		0EF56074C9DD61BD7ADF523F9659AC97 /* CatalogViewController.swift */ = {isa = PBXFileReference; lastKnownFileType = sourcecode.swift; path = CatalogViewController.swift; sourceTree = "<group>"; };
		11C7A93A4C80FF946E79472C7885C81E /* Info.plist */ = {isa = PBXFileReference; lastKnownFileType = text.plist.xml; path = Info.plist; sourceTree = "<group>"; };
		11C96B1E56F81E8C6AF3DC8574AFB739 /* Gestures.swift */ = {isa = PBXFileReference; lastKnownFileType = sourcecode.swift; path = Gestures.swift; sourceTree = "<group>"; };
		146037452EFD63B925722C95FFF11B1E /* Card.swift */ = {isa = PBXFileReference; lastKnownFileType = sourcecode.swift; path = Card.swift; sourceTree = "<group>"; };
		16F473012561477B00A7DC23 /* App.entitlements */ = {isa = PBXFileReference; lastKnownFileType = text.plist.entitlements; path = App.entitlements; sourceTree = "<group>"; };
		16F473092561488A00A7DC23 /* Bridge.swift */ = {isa = PBXFileReference; lastKnownFileType = sourcecode.swift; path = Bridge.swift; sourceTree = "<group>"; };
		16F473132561493400A7DC23 /* Symbols.swift */ = {isa = PBXFileReference; lastKnownFileType = sourcecode.swift; path = Symbols.swift; sourceTree = "<group>"; };
		16F4732225614EF900A7DC23 /* StyledButton.swift */ = {isa = PBXFileReference; lastKnownFileType = sourcecode.swift; path = StyledButton.swift; sourceTree = "<group>"; };
		16FDF9CD2561A9A8000DF919 /* SwiftUICatalog.swift */ = {isa = PBXFileReference; lastKnownFileType = sourcecode.swift; path = SwiftUICatalog.swift; sourceTree = "<group>"; };
		16FDF9D12561B31D000DF919 /* StyledLabel.swift */ = {isa = PBXFileReference; lastKnownFileType = sourcecode.swift; path = StyledLabel.swift; sourceTree = "<group>"; };
		16FDF9E325626B6B000DF919 /* StyledCard.swift */ = {isa = PBXFileReference; lastKnownFileType = sourcecode.swift; path = StyledCard.swift; sourceTree = "<group>"; };
		26D962601F728D079B9BB4538C8DD705 /* Typography.swift */ = {isa = PBXFileReference; lastKnownFileType = sourcecode.swift; path = Typography.swift; sourceTree = "<group>"; };
		285EAE0FFE3B0287E59475250932EAAE /* Rubik-Light.ttf */ = {isa = PBXFileReference; lastKnownFileType = file; path = "Rubik-Light.ttf"; sourceTree = "<group>"; };
		2E22D6932F15AFD373CBA7D58D100E49 /* Elevation.swift */ = {isa = PBXFileReference; lastKnownFileType = sourcecode.swift; path = Elevation.swift; sourceTree = "<group>"; };
		3876508B8A453EA14948B5E1624E71C6 /* Base */ = {isa = PBXFileReference; lastKnownFileType = file.storyboard; name = Base; path = Base.lproj/LaunchScreen.storyboard; sourceTree = "<group>"; };
		45BBC9116EB8DC67E56448E3DF3EA1E2 /* TextField.swift */ = {isa = PBXFileReference; lastKnownFileType = sourcecode.swift; path = TextField.swift; sourceTree = "<group>"; };
		49D88A349FD70A9153DD2C0380559E7C /* App.app */ = {isa = PBXFileReference; explicitFileType = wrapper.application; includeInIndex = 0; path = App.app; sourceTree = BUILT_PRODUCTS_DIR; };
		4C08F3D8138A12D5595B1DEF2872A095 /* YourAppSrc.swift */ = {isa = PBXFileReference; lastKnownFileType = sourcecode.swift; path = YourAppSrc.swift; sourceTree = "<group>"; };
		52EA5CE669EA9E8F37007A2CB9314300 /* Haptic.swift */ = {isa = PBXFileReference; lastKnownFileType = sourcecode.swift; path = Haptic.swift; sourceTree = "<group>"; };
		654FEFD3F48A4F51AC05011D17ABB1DA /* Rubik-Regular.ttf */ = {isa = PBXFileReference; lastKnownFileType = file; path = "Rubik-Regular.ttf"; sourceTree = "<group>"; };
		68C55814567850811274776496B33D60 /* Label.swift */ = {isa = PBXFileReference; lastKnownFileType = sourcecode.swift; path = Label.swift; sourceTree = "<group>"; };
		6B28643C3BFD6669A4F22E6BC60C9061 /* AppDelegate.swift */ = {isa = PBXFileReference; lastKnownFileType = sourcecode.swift; path = AppDelegate.swift; sourceTree = "<group>"; };
		87078A679FBC8077865974653213FD91 /* Icons.swift */ = {isa = PBXFileReference; lastKnownFileType = sourcecode.swift; path = Icons.swift; sourceTree = "<group>"; };
		9E06B5FA8DB155C446CE4F16E2C570DF /* Rubik-Medium.ttf */ = {isa = PBXFileReference; lastKnownFileType = file; path = "Rubik-Medium.ttf"; sourceTree = "<group>"; };
		9F7356F1A9CD1A814FFD92B68803E532 /* generate_project.sh */ = {isa = PBXFileReference; lastKnownFileType = text.script.sh; path = generate_project.sh; sourceTree = "<group>"; };
		AC250E72FCFA7E6B33DBF603C95ABA03 /* Palette.swift */ = {isa = PBXFileReference; lastKnownFileType = sourcecode.swift; path = Palette.swift; sourceTree = "<group>"; };
		C886DC43C416289F87F2CDEA7A91C893 /* Assets.xcassets */ = {isa = PBXFileReference; lastKnownFileType = folder.assetcatalog; path = Assets.xcassets; sourceTree = "<group>"; };
		E8F1BCC9D34430D13E7F7F7B0D9DB7A3 /* Button.swift */ = {isa = PBXFileReference; lastKnownFileType = sourcecode.swift; path = Button.swift; sourceTree = "<group>"; };
		F039251374C84E03157A5640EC592D3A /* Test.xctest */ = {isa = PBXFileReference; includeInIndex = 0; lastKnownFileType = wrapper.cfbundle; path = Test.xctest; sourceTree = BUILT_PRODUCTS_DIR; };
		F7C5C7A74CD15638C491B0AF4F36D97E /* Test.swift */ = {isa = PBXFileReference; lastKnownFileType = sourcecode.swift; path = Test.swift; sourceTree = "<group>"; };
/* End PBXFileReference section */

/* Begin PBXFrameworksBuildPhase section */
		BC0DC3536DED64E0E8C9923E0D868673 /* Frameworks */ = {
			isa = PBXFrameworksBuildPhase;
			buildActionMask = 2147483647;
			files = (
			);
			runOnlyForDeploymentPostprocessing = 0;
		};
/* End PBXFrameworksBuildPhase section */

/* Begin PBXGroup section */
		16F4731925614E6B00A7DC23 /* SwiftUI */ = {
			isa = PBXGroup;
			children = (
				16F4732225614EF900A7DC23 /* StyledButton.swift */,
				16FDF9D12561B31D000DF919 /* StyledLabel.swift */,
				16FDF9E325626B6B000DF919 /* StyledCard.swift */,
			);
			path = SwiftUI;
			sourceTree = "<group>";
		};
		3E3917B841CB22B7F8A5D0148CA0FECC /* Template */ = {
			isa = PBXGroup;
			children = (
				16F4731925614E6B00A7DC23 /* SwiftUI */,
				AAD2E163DCA6BF790F4B6626002976F0 /* Catalog */,
				C932AE1594AEC2E97A2BC5359598706B /* Components */,
				D518EF3B36C7AB6AEBE4A3FB02B34E00 /* Theme */,
			);
			path = Template;
			sourceTree = "<group>";
		};
		4102E3E068508DD683953C7D32C511DC = {
			isa = PBXGroup;
			children = (
				16F473012561477B00A7DC23 /* App.entitlements */,
				9F7356F1A9CD1A814FFD92B68803E532 /* generate_project.sh */,
				AAB7FD6C697032E64A0F6E73C96905CA /* src */,
				46567D8050AE94B6F249C6BED24191B0 /* test */,
				BDD1182E50DC622819F253646A3A7D21 /* Frameworks */,
				E9C3DB3EC6D7655028A9C0D39630D331 /* Products */,
			);
			sourceTree = "<group>";
		};
		46567D8050AE94B6F249C6BED24191B0 /* test */ = {
			isa = PBXGroup;
			children = (
				F7C5C7A74CD15638C491B0AF4F36D97E /* Test.swift */,
			);
			path = test;
			sourceTree = "<group>";
		};
		AAB7FD6C697032E64A0F6E73C96905CA /* src */ = {
			isa = PBXGroup;
			children = (
				6B28643C3BFD6669A4F22E6BC60C9061 /* AppDelegate.swift */,
				C886DC43C416289F87F2CDEA7A91C893 /* Assets.xcassets */,
				11C7A93A4C80FF946E79472C7885C81E /* Info.plist */,
				2D3535A42DC239782B74AAE00D54D8E9 /* LaunchScreen.storyboard */,
				DD1AB7268842BE49A40A6A7B0DB44C39 /* App */,
				3E3917B841CB22B7F8A5D0148CA0FECC /* Template */,
				DE462C4DDE0732718FF8E9C60C360A05 /* Resources */,
			);
			path = src;
			sourceTree = "<group>";
		};
		AAD2E163DCA6BF790F4B6626002976F0 /* Catalog */ = {
			isa = PBXGroup;
			children = (
				0EF56074C9DD61BD7ADF523F9659AC97 /* CatalogViewController.swift */,
				16FDF9CD2561A9A8000DF919 /* SwiftUICatalog.swift */,
			);
			path = Catalog;
			sourceTree = "<group>";
		};
		BDD1182E50DC622819F253646A3A7D21 /* Frameworks */ = {
			isa = PBXGroup;
			children = (
			);
			name = Frameworks;
			sourceTree = "<group>";
		};
		C932AE1594AEC2E97A2BC5359598706B /* Components */ = {
			isa = PBXGroup;
			children = (
				E8F1BCC9D34430D13E7F7F7B0D9DB7A3 /* Button.swift */,
				146037452EFD63B925722C95FFF11B1E /* Card.swift */,
				2E22D6932F15AFD373CBA7D58D100E49 /* Elevation.swift */,
				11C96B1E56F81E8C6AF3DC8574AFB739 /* Gestures.swift */,
				52EA5CE669EA9E8F37007A2CB9314300 /* Haptic.swift */,
				68C55814567850811274776496B33D60 /* Label.swift */,
				45BBC9116EB8DC67E56448E3DF3EA1E2 /* TextField.swift */,
			);
			path = Components;
			sourceTree = "<group>";
		};
		D518EF3B36C7AB6AEBE4A3FB02B34E00 /* Theme */ = {
			isa = PBXGroup;
			children = (
				16F473092561488A00A7DC23 /* Bridge.swift */,
				87078A679FBC8077865974653213FD91 /* Icons.swift */,
				AC250E72FCFA7E6B33DBF603C95ABA03 /* Palette.swift */,
				02FC3B09D3B7B5DD787349387FFAA656 /* Theme.swift */,
				26D962601F728D079B9BB4538C8DD705 /* Typography.swift */,
				16F473132561493400A7DC23 /* Symbols.swift */,
			);
			path = Theme;
			sourceTree = "<group>";
		};
		DD1AB7268842BE49A40A6A7B0DB44C39 /* App */ = {
			isa = PBXGroup;
			children = (
				4C08F3D8138A12D5595B1DEF2872A095 /* YourAppSrc.swift */,
			);
			path = App;
			sourceTree = "<group>";
		};
		DE462C4DDE0732718FF8E9C60C360A05 /* Resources */ = {
			isa = PBXGroup;
			children = (
				285EAE0FFE3B0287E59475250932EAAE /* Rubik-Light.ttf */,
				9E06B5FA8DB155C446CE4F16E2C570DF /* Rubik-Medium.ttf */,
				654FEFD3F48A4F51AC05011D17ABB1DA /* Rubik-Regular.ttf */,
			);
			path = Resources;
			sourceTree = "<group>";
		};
		E9C3DB3EC6D7655028A9C0D39630D331 /* Products */ = {
			isa = PBXGroup;
			children = (
				49D88A349FD70A9153DD2C0380559E7C /* App.app */,
				F039251374C84E03157A5640EC592D3A /* Test.xctest */,
			);
			name = Products;
			sourceTree = "<group>";
		};
/* End PBXGroup section */

/* Begin PBXNativeTarget section */
		4C95064F7F27E32E6EFBCE84B8C41512 /* Test */ = {
			isa = PBXNativeTarget;
			buildConfigurationList = 1F0EDF8BC15A2DF39476FDCBFB7560A9 /* Build configuration list for PBXNativeTarget "Test" */;
			buildPhases = (
				412086AF849BEA74647A6A9ED645BED0 /* Sources */,
			);
			buildRules = (
			);
			dependencies = (
				DD84CA29CB7AAF82F32F0DE742EBC753 /* PBXTargetDependency */,
			);
			name = Test;
			productName = Test;
			productReference = F039251374C84E03157A5640EC592D3A /* Test.xctest */;
			productType = "com.apple.product-type.bundle.unit-test";
		};
		93E9E330FC2CE7458D9C925FF94BFD77 /* App */ = {
			isa = PBXNativeTarget;
			buildConfigurationList = FFC1863BD4026D2C17CBE82B4DC0B893 /* Build configuration list for PBXNativeTarget "App" */;
			buildPhases = (
				B77F0AF073564580D75A2CF19FC3792C /* Sources */,
				37BFF6A8CB5CC7FA21AD3FA3861FADAB /* Resources */,
				BC0DC3536DED64E0E8C9923E0D868673 /* Frameworks */,
			);
			buildRules = (
			);
			dependencies = (
			);
			name = App;
			productName = App;
			productReference = 49D88A349FD70A9153DD2C0380559E7C /* App.app */;
			productType = "com.apple.product-type.application";
		};
/* End PBXNativeTarget section */

/* Begin PBXProject section */
		6B590BF25178DC7D824D09CEFAFDFB30 /* Project object */ = {
			isa = PBXProject;
			attributes = {
				LastUpgradeCheck = 1020;
				TargetAttributes = {
					4C95064F7F27E32E6EFBCE84B8C41512 = {
						TestTargetID = 93E9E330FC2CE7458D9C925FF94BFD77;
					};
					93E9E330FC2CE7458D9C925FF94BFD77 = {
						LastSwiftMigration = 1020;
					};
				};
			};
			buildConfigurationList = B3FD05C59F197F398A0B04AB6B675649 /* Build configuration list for PBXProject "App" */;
			compatibilityVersion = "Xcode 9.3";
			developmentRegion = en;
			hasScannedForEncodings = 0;
			knownRegions = (
				en,
				Base,
			);
			mainGroup = 4102E3E068508DD683953C7D32C511DC;
			projectDirPath = "";
			projectRoot = "";
			targets = (
				93E9E330FC2CE7458D9C925FF94BFD77 /* App */,
				4C95064F7F27E32E6EFBCE84B8C41512 /* Test */,
			);
		};
/* End PBXProject section */

/* Begin PBXResourcesBuildPhase section */
		37BFF6A8CB5CC7FA21AD3FA3861FADAB /* Resources */ = {
			isa = PBXResourcesBuildPhase;
			buildActionMask = 2147483647;
			files = (
				F587D675287636102222061BBB687788 /* Assets.xcassets in Resources */,
				0F3900FF5D8004C336368D72D25DB71E /* LaunchScreen.storyboard in Resources */,
				A7C1C79D22DC02A8821327527C65C402 /* Rubik-Light.ttf in Resources */,
				A8D48A4A3E1562F59FAE084939F0BEB3 /* Rubik-Medium.ttf in Resources */,
				EF8D12C99D006C47868538684739817B /* Rubik-Regular.ttf in Resources */,
				CE04142E9D86AC4CD6C780BCE94E5068 /* generate_project.sh in Resources */,
			);
			runOnlyForDeploymentPostprocessing = 0;
		};
/* End PBXResourcesBuildPhase section */

/* Begin PBXSourcesBuildPhase section */
		412086AF849BEA74647A6A9ED645BED0 /* Sources */ = {
			isa = PBXSourcesBuildPhase;
			buildActionMask = 2147483647;
			files = (
				B8143A4F1B87A9CF467E61AB8C2C2482 /* Test.swift in Sources */,
			);
			runOnlyForDeploymentPostprocessing = 0;
		};
		B77F0AF073564580D75A2CF19FC3792C /* Sources */ = {
			isa = PBXSourcesBuildPhase;
			buildActionMask = 2147483647;
			files = (
				71D2F97CE5E4F049243AE99244912CAF /* AppDelegate.swift in Sources */,
				2952205B89B444F997975DA504BB0FF8 /* Button.swift in Sources */,
				16FDF9E425626B6B000DF919 /* StyledCard.swift in Sources */,
				99DFB3A28B990F9C2A2A917B41BE7A30 /* Card.swift in Sources */,
				16FDF9CE2561A9A8000DF919 /* SwiftUICatalog.swift in Sources */,
				B99EBC099274E9D2AD197AE882EBE788 /* CatalogViewController.swift in Sources */,
				16F473142561493400A7DC23 /* Symbols.swift in Sources */,
				EC72A90CAA482ADFC02369B41E073849 /* Elevation.swift in Sources */,
				5340AAEBD68398ED703E32727EB91A25 /* Gestures.swift in Sources */,
				988E7C6955EEC51B80D692649477F92E /* Haptic.swift in Sources */,
				A55664272673F9EA2EA25683682A64D4 /* Icons.swift in Sources */,
				49BC9EE86409006016580B46A31DBD93 /* Label.swift in Sources */,
				21F412A4E9BBB9E903660C83BE389E1D /* Palette.swift in Sources */,
				B09CC69129EB2DBA8B226597B705DDEA /* TextField.swift in Sources */,
				858558455F0F74576BB4C249078AEAC4 /* Theme.swift in Sources */,
				235D33C559E50E068E7CFDF86D410FA3 /* Typography.swift in Sources */,
				16F4730A2561488A00A7DC23 /* Bridge.swift in Sources */,
				A062BB51DFD572374D055517EBFF5490 /* YourAppSrc.swift in Sources */,
				16F4732325614EF900A7DC23 /* StyledButton.swift in Sources */,
				16FDF9D22561B31D000DF919 /* StyledLabel.swift in Sources */,
			);
			runOnlyForDeploymentPostprocessing = 0;
		};
/* End PBXSourcesBuildPhase section */

/* Begin PBXTargetDependency section */
		DD84CA29CB7AAF82F32F0DE742EBC753 /* PBXTargetDependency */ = {
			isa = PBXTargetDependency;
			target = 93E9E330FC2CE7458D9C925FF94BFD77 /* App */;
			targetProxy = 0A908C8AD0E23A98A9C08EA7F2658D15 /* PBXContainerItemProxy */;
		};
/* End PBXTargetDependency section */

/* Begin PBXVariantGroup section */
		2D3535A42DC239782B74AAE00D54D8E9 /* LaunchScreen.storyboard */ = {
			isa = PBXVariantGroup;
			children = (
				3876508B8A453EA14948B5E1624E71C6 /* Base */,
			);
			name = LaunchScreen.storyboard;
			sourceTree = "<group>";
		};
/* End PBXVariantGroup section */

/* Begin XCBuildConfiguration section */
		4A0C935808978B5A7673E412EC792EBC /* Debug */ = {
			isa = XCBuildConfiguration;
			buildSettings = {
				ASSETCATALOG_COMPILER_APPICON_NAME = AppIcon;
				CODE_SIGN_ENTITLEMENTS = App.entitlements;
				CODE_SIGN_IDENTITY = "iPhone Developer";
				"CODE_SIGN_IDENTITY[sdk=macosx*]" = "-";
				DEVELOPMENT_TEAM = 9Z67YL2L6Z;
				FRAMEWORK_SEARCH_PATHS = (
					"$(inherited)",
					"\"frameworks\"",
				);
				INFOPLIST_FILE = src/Info.plist;
				IPHONEOS_DEPLOYMENT_TARGET = 13.0;
				LD_RUNPATH_SEARCH_PATHS = (
					"$(inherited)",
					"@executable_path/Frameworks",
				);
				PRODUCT_BUNDLE_IDENTIFIER = io.alexdrone.app.App;
				SDKROOT = iphoneos;
				SUPPORTS_MACCATALYST = YES;
				SWIFT_OPTIMIZATION_LEVEL = "-Owholemodule";
				SWIFT_VERSION = 5.0;
				TARGETED_DEVICE_FAMILY = "1,2";
			};
			name = Debug;
		};
		5C9EF0E6AF4F9491454DE177D6F2695B /* Release */ = {
			isa = XCBuildConfiguration;
			buildSettings = {
				ALWAYS_SEARCH_USER_PATHS = NO;
				CLANG_ANALYZER_NONNULL = YES;
				CLANG_ANALYZER_NUMBER_OBJECT_CONVERSION = YES_AGGRESSIVE;
				CLANG_CXX_LANGUAGE_STANDARD = "gnu++14";
				CLANG_CXX_LIBRARY = "libc++";
				CLANG_ENABLE_MODULES = YES;
				CLANG_ENABLE_OBJC_ARC = YES;
				CLANG_WARN_BLOCK_CAPTURE_AUTORELEASING = YES;
				CLANG_WARN_BOOL_CONVERSION = YES;
				CLANG_WARN_COMMA = YES;
				CLANG_WARN_CONSTANT_CONVERSION = YES;
				CLANG_WARN_DEPRECATED_OBJC_IMPLEMENTATIONS = YES;
				CLANG_WARN_DIRECT_OBJC_ISA_USAGE = YES_ERROR;
				CLANG_WARN_DOCUMENTATION_COMMENTS = YES;
				CLANG_WARN_EMPTY_BODY = YES;
				CLANG_WARN_ENUM_CONVERSION = YES;
				CLANG_WARN_INFINITE_RECURSION = YES;
				CLANG_WARN_INT_CONVERSION = YES;
				CLANG_WARN_NON_LITERAL_NULL_CONVERSION = YES;
				CLANG_WARN_OBJC_IMPLICIT_RETAIN_SELF = YES;
				CLANG_WARN_OBJC_LITERAL_CONVERSION = YES;
				CLANG_WARN_OBJC_ROOT_CLASS = YES_ERROR;
				CLANG_WARN_RANGE_LOOP_ANALYSIS = YES;
				CLANG_WARN_STRICT_PROTOTYPES = YES;
				CLANG_WARN_SUSPICIOUS_MOVE = YES;
				CLANG_WARN_UNGUARDED_AVAILABILITY = YES_AGGRESSIVE;
				CLANG_WARN_UNREACHABLE_CODE = YES;
				CLANG_WARN__DUPLICATE_METHOD_MATCH = YES;
				COPY_PHASE_STRIP = NO;
				DEBUG_INFORMATION_FORMAT = "dwarf-with-dsym";
				ENABLE_NS_ASSERTIONS = NO;
				ENABLE_STRICT_OBJC_MSGSEND = YES;
				GCC_C_LANGUAGE_STANDARD = gnu11;
				GCC_NO_COMMON_BLOCKS = YES;
				GCC_WARN_64_TO_32_BIT_CONVERSION = YES;
				GCC_WARN_ABOUT_RETURN_TYPE = YES_ERROR;
				GCC_WARN_UNDECLARED_SELECTOR = YES;
				GCC_WARN_UNINITIALIZED_AUTOS = YES_AGGRESSIVE;
				GCC_WARN_UNUSED_FUNCTION = YES;
				GCC_WARN_UNUSED_VARIABLE = YES;
				PRODUCT_NAME = "$(TARGET_NAME)";
				SDKROOT = iphoneos;
				SWIFT_COMPILATION_MODE = wholemodule;
				SWIFT_VERSION = 5.0;
				VALIDATE_PRODUCT = YES;
			};
			name = Release;
		};
		C826FC620A5A336A2ED0FBDDF10727E2 /* Release */ = {
			isa = XCBuildConfiguration;
			buildSettings = {
				BUNDLE_LOADER = "$(TEST_HOST)";
				LD_RUNPATH_SEARCH_PATHS = (
					"$(inherited)",
					"@executable_path/Frameworks",
					"@loader_path/Frameworks",
				);
				PRODUCT_BUNDLE_IDENTIFIER = io.alexdrone.app.Test;
				SDKROOT = iphoneos;
				TARGETED_DEVICE_FAMILY = "1,2";
				TEST_HOST = "$(BUILT_PRODUCTS_DIR)/App.app/App";
				TEST_TARGET_NAME = App;
			};
			name = Release;
		};
		D10CED8FD41B490D06E1D28B204581FD /* Debug */ = {
			isa = XCBuildConfiguration;
			buildSettings = {
				BUNDLE_LOADER = "$(TEST_HOST)";
				LD_RUNPATH_SEARCH_PATHS = (
					"$(inherited)",
					"@executable_path/Frameworks",
					"@loader_path/Frameworks",
				);
				PRODUCT_BUNDLE_IDENTIFIER = io.alexdrone.app.Test;
				SDKROOT = iphoneos;
				TARGETED_DEVICE_FAMILY = "1,2";
				TEST_HOST = "$(BUILT_PRODUCTS_DIR)/App.app/App";
				TEST_TARGET_NAME = App;
			};
			name = Debug;
		};
		EB1CC3A930E09FEBECF9195D4FFCEE50 /* Release */ = {
			isa = XCBuildConfiguration;
			buildSettings = {
				ASSETCATALOG_COMPILER_APPICON_NAME = AppIcon;
				CODE_SIGN_ENTITLEMENTS = App.entitlements;
				CODE_SIGN_IDENTITY = "iPhone Developer";
				"CODE_SIGN_IDENTITY[sdk=macosx*]" = "-";
				DEVELOPMENT_TEAM = 9Z67YL2L6Z;
				FRAMEWORK_SEARCH_PATHS = (
					"$(inherited)",
					"\"frameworks\"",
				);
				INFOPLIST_FILE = src/Info.plist;
				IPHONEOS_DEPLOYMENT_TARGET = 13.0;
				LD_RUNPATH_SEARCH_PATHS = (
					"$(inherited)",
					"@executable_path/Frameworks",
				);
				PRODUCT_BUNDLE_IDENTIFIER = io.alexdrone.app.App;
				SDKROOT = iphoneos;
				SUPPORTS_MACCATALYST = YES;
				SWIFT_OPTIMIZATION_LEVEL = "-Owholemodule";
				SWIFT_VERSION = 5.0;
				TARGETED_DEVICE_FAMILY = "1,2";
			};
			name = Release;
		};
		F61063B78755D98B1B9C3697E7C02217 /* Debug */ = {
			isa = XCBuildConfiguration;
			buildSettings = {
				ALWAYS_SEARCH_USER_PATHS = NO;
				CLANG_ANALYZER_NONNULL = YES;
				CLANG_ANALYZER_NUMBER_OBJECT_CONVERSION = YES_AGGRESSIVE;
				CLANG_CXX_LANGUAGE_STANDARD = "gnu++14";
				CLANG_CXX_LIBRARY = "libc++";
				CLANG_ENABLE_MODULES = YES;
				CLANG_ENABLE_OBJC_ARC = YES;
				CLANG_WARN_BLOCK_CAPTURE_AUTORELEASING = YES;
				CLANG_WARN_BOOL_CONVERSION = YES;
				CLANG_WARN_COMMA = YES;
				CLANG_WARN_CONSTANT_CONVERSION = YES;
				CLANG_WARN_DEPRECATED_OBJC_IMPLEMENTATIONS = YES;
				CLANG_WARN_DIRECT_OBJC_ISA_USAGE = YES_ERROR;
				CLANG_WARN_DOCUMENTATION_COMMENTS = YES;
				CLANG_WARN_EMPTY_BODY = YES;
				CLANG_WARN_ENUM_CONVERSION = YES;
				CLANG_WARN_INFINITE_RECURSION = YES;
				CLANG_WARN_INT_CONVERSION = YES;
				CLANG_WARN_NON_LITERAL_NULL_CONVERSION = YES;
				CLANG_WARN_OBJC_IMPLICIT_RETAIN_SELF = YES;
				CLANG_WARN_OBJC_LITERAL_CONVERSION = YES;
				CLANG_WARN_OBJC_ROOT_CLASS = YES_ERROR;
				CLANG_WARN_RANGE_LOOP_ANALYSIS = YES;
				CLANG_WARN_STRICT_PROTOTYPES = YES;
				CLANG_WARN_SUSPICIOUS_MOVE = YES;
				CLANG_WARN_UNGUARDED_AVAILABILITY = YES_AGGRESSIVE;
				CLANG_WARN_UNREACHABLE_CODE = YES;
				CLANG_WARN__DUPLICATE_METHOD_MATCH = YES;
				COPY_PHASE_STRIP = NO;
				DEBUG_INFORMATION_FORMAT = dwarf;
				ENABLE_STRICT_OBJC_MSGSEND = YES;
				ENABLE_TESTABILITY = YES;
				GCC_C_LANGUAGE_STANDARD = gnu11;
				GCC_DYNAMIC_NO_PIC = NO;
				GCC_NO_COMMON_BLOCKS = YES;
				GCC_OPTIMIZATION_LEVEL = 0;
				GCC_PREPROCESSOR_DEFINITIONS = (
					"$(inherited)",
					"DEBUG=1",
				);
				GCC_WARN_64_TO_32_BIT_CONVERSION = YES;
				GCC_WARN_ABOUT_RETURN_TYPE = YES_ERROR;
				GCC_WARN_UNDECLARED_SELECTOR = YES;
				GCC_WARN_UNINITIALIZED_AUTOS = YES_AGGRESSIVE;
				GCC_WARN_UNUSED_FUNCTION = YES;
				GCC_WARN_UNUSED_VARIABLE = YES;
				MTL_ENABLE_DEBUG_INFO = YES;
				ONLY_ACTIVE_ARCH = YES;
				PRODUCT_NAME = "$(TARGET_NAME)";
				SDKROOT = iphoneos;
				SWIFT_ACTIVE_COMPILATION_CONDITIONS = DEBUG;
				SWIFT_OPTIMIZATION_LEVEL = "-Onone";
				SWIFT_VERSION = 5.0;
			};
			name = Debug;
		};
/* End XCBuildConfiguration section */

/* Begin XCConfigurationList section */
		1F0EDF8BC15A2DF39476FDCBFB7560A9 /* Build configuration list for PBXNativeTarget "Test" */ = {
			isa = XCConfigurationList;
			buildConfigurations = (
				D10CED8FD41B490D06E1D28B204581FD /* Debug */,
				C826FC620A5A336A2ED0FBDDF10727E2 /* Release */,
			);
			defaultConfigurationIsVisible = 0;
			defaultConfigurationName = "";
		};
		B3FD05C59F197F398A0B04AB6B675649 /* Build configuration list for PBXProject "App" */ = {
			isa = XCConfigurationList;
			buildConfigurations = (
				F61063B78755D98B1B9C3697E7C02217 /* Debug */,
				5C9EF0E6AF4F9491454DE177D6F2695B /* Release */,
			);
			defaultConfigurationIsVisible = 0;
			defaultConfigurationName = Debug;
		};
		FFC1863BD4026D2C17CBE82B4DC0B893 /* Build configuration list for PBXNativeTarget "App" */ = {
			isa = XCConfigurationList;
			buildConfigurations = (
				4A0C935808978B5A7673E412EC792EBC /* Debug */,
				EB1CC3A930E09FEBECF9195D4FFCEE50 /* Release */,
			);
			defaultConfigurationIsVisible = 0;
			defaultConfigurationName = "";
		};
/* End XCConfigurationList section */
	};
	rootObject = 6B590BF25178DC7D824D09CEFAFDFB30 /* Project object */;
}
